{
  "name": "cloudflare",
  "lockfileVersion": 3,
  "requires": true,
  "packages": {
    "": {
      "devDependencies": {
        "@cloudflare/workers-types": "^4.20260317.1"
      }
    },
    "node_modules/@cloudflare/workers-types": {
      "version": "4.20260317.1",
      "resolved": "https://registry.npmjs.org/@cloudflare/workers-types/-/workers-types-4.20260317.1.tgz",
      "integrity": "sha512-+G4eVwyCpm8Au1ex8vQBCuA9wnwqetz4tPNRoB/53qvktERWBRMQnrtvC1k584yRE3emMThtuY0gWshvSJ++PQ==",
      "dev": true,
      "license": "MIT OR Apache-2.0"
    }
  }
}
